
Microsoft Visual Studio Solution File, Format Version 12.00
# Visual Studio Version 17
VisualStudioVersion = 17.10.35013.160
MinimumVisualStudioVersion = 10.0.40219.1
Project("{FAE04EC0-301F-11D3-BF4B-00C04F79EFBC}") = "CapstoneCourseAPI", "CapstoneCourseAPI\CapstoneCourseAPI.csproj", "{AA11EBF9-33A6-4B51-85AA-8EB6C42F7961}"
EndProject
Global
	GlobalSection(SolutionConfigurationPlatforms) = preSolution
		Debug|Any CPU = Debug|Any CPU
		Release|Any CPU = Release|Any CPU
	EndGlobalSection
	GlobalSection(ProjectConfigurationPlatforms) = postSolution
		{AA11EBF9-33A6-4B51-85AA-8EB6C42F7961}.Debug|Any CPU.ActiveCfg = Debug|Any CPU
		{AA11EBF9-33A6-4B51-85AA-8EB6C42F7961}.Debug|Any CPU.Build.0 = Debug|Any CPU
		{AA11EBF9-33A6-4B51-85AA-8EB6C42F7961}.Release|Any CPU.ActiveCfg = Release|Any CPU
		{AA11EBF9-33A6-4B51-85AA-8EB6C42F7961}.Release|Any CPU.Build.0 = Release|Any CPU
	EndGlobalSection
	GlobalSection(SolutionProperties) = preSolution
		HideSolutionNode = FALSE
	EndGlobalSection
	GlobalSection(ExtensibilityGlobals) = postSolution
		SolutionGuid = {6E24ABD9-AA00-45F3-848B-13BCEC49D41B}
	EndGlobalSection
EndGlobal
